
Microsoft Visual Studio Solution File, Format Version 12.00
# Visual Studio Version 17
VisualStudioVersion = 17.7.34221.43
MinimumVisualStudioVersion = 10.0.40219.1
Project("{FAE04EC0-301F-11D3-BF4B-00C04F79EFBC}") = "Module16", "Module16\Module16.csproj", "{75A9E96A-81A9-4691-8E13-2CF39CCF03B4}"
EndProject
Project("{FAE04EC0-301F-11D3-BF4B-00C04F79EFBC}") = "Module16.Tests", "Module16.Tests\Module16.Tests.csproj", "{7879F5AB-9BED-47B2-9DDC-A37CC87EA94D}"
EndProject
Global
	GlobalSection(SolutionConfigurationPlatforms) = preSolution
		Debug|Any CPU = Debug|Any CPU
		Release|Any CPU = Release|Any CPU
	EndGlobalSection
	GlobalSection(ProjectConfigurationPlatforms) = postSolution
		{75A9E96A-81A9-4691-8E13-2CF39CCF03B4}.Debug|Any CPU.ActiveCfg = Debug|Any CPU
		{75A9E96A-81A9-4691-8E13-2CF39CCF03B4}.Debug|Any CPU.Build.0 = Debug|Any CPU
		{75A9E96A-81A9-4691-8E13-2CF39CCF03B4}.Release|Any CPU.ActiveCfg = Release|Any CPU
		{75A9E96A-81A9-4691-8E13-2CF39CCF03B4}.Release|Any CPU.Build.0 = Release|Any CPU
		{7879F5AB-9BED-47B2-9DDC-A37CC87EA94D}.Debug|Any CPU.ActiveCfg = Debug|Any CPU
		{7879F5AB-9BED-47B2-9DDC-A37CC87EA94D}.Debug|Any CPU.Build.0 = Debug|Any CPU
		{7879F5AB-9BED-47B2-9DDC-A37CC87EA94D}.Release|Any CPU.ActiveCfg = Release|Any CPU
		{7879F5AB-9BED-47B2-9DDC-A37CC87EA94D}.Release|Any CPU.Build.0 = Release|Any CPU
	EndGlobalSection
	GlobalSection(SolutionProperties) = preSolution
		HideSolutionNode = FALSE
	EndGlobalSection
	GlobalSection(ExtensibilityGlobals) = postSolution
		SolutionGuid = {D70FCC9F-A78B-4C1B-9512-6A648F4989C5}
	EndGlobalSection
EndGlobal
